// !$*UTF8*$!
{
	archiveVersion = 1;
	classes = {
	};
	objectVersion = 50;
	objects = {

/* Begin PBXBuildFile section */
		92DEA2C72480880600AA203B /* AppDelegate.swift in Sources */ = {isa = PBXBuildFile; fileRef = 92DEA2C62480880600AA203B /* AppDelegate.swift */; };
		92DEA2C92480880600AA203B /* SceneDelegate.swift in Sources */ = {isa = PBXBuildFile; fileRef = 92DEA2C82480880600AA203B /* SceneDelegate.swift */; };
		92DEA2CB2480880600AA203B /* ContentView.swift in Sources */ = {isa = PBXBuildFile; fileRef = 92DEA2CA2480880600AA203B /* ContentView.swift */; };
		92DEA2CD2480880600AA203B /* Assets.xcassets in Resources */ = {isa = PBXBuildFile; fileRef = 92DEA2CC2480880600AA203B /* Assets.xcassets */; };
		92DEA2D02480880600AA203B /* Preview Assets.xcassets in Resources */ = {isa = PBXBuildFile; fileRef = 92DEA2CF2480880600AA203B /* Preview Assets.xcassets */; };
		92DEA2D32480880600AA203B /* LaunchScreen.storyboard in Resources */ = {isa = PBXBuildFile; fileRef = 92DEA2D12480880600AA203B /* LaunchScreen.storyboard */; };
		92DEA2DE2480880700AA203B /* SQLiteTests.swift in Sources */ = {isa = PBXBuildFile; fileRef = 92DEA2DD2480880700AA203B /* SQLiteTests.swift */; };
		92EB1BA024808B2D00B810D3 /* SQLite.swift in Sources */ = {isa = PBXBuildFile; fileRef = 92EB1B9F24808B2D00B810D3 /* SQLite.swift */; };
/* End PBXBuildFile section */

/* Begin PBXContainerItemProxy section */
		92DEA2DA2480880700AA203B /* PBXContainerItemProxy */ = {
			isa = PBXContainerItemProxy;
			containerPortal = 92DEA2BB2480880600AA203B /* Project object */;
			proxyType = 1;
			remoteGlobalIDString = 92DEA2C22480880600AA203B;
			remoteInfo = SQLite;
		};
/* End PBXContainerItemProxy section */

/* Begin PBXFileReference section */
		92DEA2C32480880600AA203B /* SQLite.app */ = {isa = PBXFileReference; explicitFileType = wrapper.application; includeInIndex = 0; path = SQLite.app; sourceTree = BUILT_PRODUCTS_DIR; };
		92DEA2C62480880600AA203B /* AppDelegate.swift */ = {isa = PBXFileReference; lastKnownFileType = sourcecode.swift; path = AppDelegate.swift; sourceTree = "<group>"; };
		92DEA2C82480880600AA203B /* SceneDelegate.swift */ = {isa = PBXFileReference; lastKnownFileType = sourcecode.swift; path = SceneDelegate.swift; sourceTree = "<group>"; };
		92DEA2CA2480880600AA203B /* ContentView.swift */ = {isa = PBXFileReference; lastKnownFileType = sourcecode.swift; path = ContentView.swift; sourceTree = "<group>"; };
		92DEA2CC2480880600AA203B /* Assets.xcassets */ = {isa = PBXFileReference; lastKnownFileType = folder.assetcatalog; path = Assets.xcassets; sourceTree = "<group>"; };
		92DEA2CF2480880600AA203B /* Preview Assets.xcassets */ = {isa = PBXFileReference; lastKnownFileType = folder.assetcatalog; path = "Preview Assets.xcassets"; sourceTree = "<group>"; };
		92DEA2D22480880600AA203B /* Base */ = {isa = PBXFileReference; lastKnownFileType = file.storyboard; name = Base; path = Base.lproj/LaunchScreen.storyboard; sourceTree = "<group>"; };
		92DEA2D42480880600AA203B /* Info.plist */ = {isa = PBXFileReference; lastKnownFileType = text.plist.xml; path = Info.plist; sourceTree = "<group>"; };
		92DEA2D92480880700AA203B /* SQLiteTests.xctest */ = {isa = PBXFileReference; explicitFileType = wrapper.cfbundle; includeInIndex = 0; path = SQLiteTests.xctest; sourceTree = BUILT_PRODUCTS_DIR; };
		92DEA2DD2480880700AA203B /* SQLiteTests.swift */ = {isa = PBXFileReference; lastKnownFileType = sourcecode.swift; path = SQLiteTests.swift; sourceTree = "<group>"; };
		92DEA2DF2480880700AA203B /* Info.plist */ = {isa = PBXFileReference; lastKnownFileType = text.plist.xml; path = Info.plist; sourceTree = "<group>"; };
		92EB1B9F24808B2D00B810D3 /* SQLite.swift */ = {isa = PBXFileReference; lastKnownFileType = sourcecode.swift; path = SQLite.swift; sourceTree = "<group>"; };
		92EB1BA224808F6900B810D3 /* libsqlite3.tbd */ = {isa = PBXFileReference; lastKnownFileType = "sourcecode.text-based-dylib-definition"; name = libsqlite3.tbd; path = usr/lib/libsqlite3.tbd; sourceTree = SDKROOT; };
/* End PBXFileReference section */

/* Begin PBXFrameworksBuildPhase section */
		92DEA2C02480880600AA203B /* Frameworks */ = {
			isa = PBXFrameworksBuildPhase;
			buildActionMask = 2147483647;
			files = (
			);
			runOnlyForDeploymentPostprocessing = 0;
		};
		92DEA2D62480880700AA203B /* Frameworks */ = {
			isa = PBXFrameworksBuildPhase;
			buildActionMask = 2147483647;
			files = (
			);
			runOnlyForDeploymentPostprocessing = 0;
		};
/* End PBXFrameworksBuildPhase section */

/* Begin PBXGroup section */
		92DEA2BA2480880600AA203B = {
			isa = PBXGroup;
			children = (
				92DEA2C52480880600AA203B /* SQLite */,
				92DEA2DC2480880700AA203B /* SQLiteTests */,
				92DEA2C42480880600AA203B /* Products */,
				92EB1BA124808F6900B810D3 /* Frameworks */,
			);
			sourceTree = "<group>";
		};
		92DEA2C42480880600AA203B /* Products */ = {
			isa = PBXGroup;
			children = (
				92DEA2C32480880600AA203B /* SQLite.app */,
				92DEA2D92480880700AA203B /* SQLiteTests.xctest */,
			);
			name = Products;
			sourceTree = "<group>";
		};
		92DEA2C52480880600AA203B /* SQLite */ = {
			isa = PBXGroup;
			children = (
				92DEA2C62480880600AA203B /* AppDelegate.swift */,
				92DEA2C82480880600AA203B /* SceneDelegate.swift */,
				92DEA2CA2480880600AA203B /* ContentView.swift */,
				92EB1B9F24808B2D00B810D3 /* SQLite.swift */,
				92DEA2CC2480880600AA203B /* Assets.xcassets */,
				92DEA2D12480880600AA203B /* LaunchScreen.storyboard */,
				92DEA2D42480880600AA203B /* Info.plist */,
				92DEA2CE2480880600AA203B /* Preview Content */,
			);
			path = SQLite;
			sourceTree = "<group>";
		};
		92DEA2CE2480880600AA203B /* Preview Content */ = {
			isa = PBXGroup;
			children = (
				92DEA2CF2480880600AA203B /* Preview Assets.xcassets */,
			);
			path = "Preview Content";
			sourceTree = "<group>";
		};
		92DEA2DC2480880700AA203B /* SQLiteTests */ = {
			isa = PBXGroup;
			children = (
				92DEA2DD2480880700AA203B /* SQLiteTests.swift */,
				92DEA2DF2480880700AA203B /* Info.plist */,
			);
			path = SQLiteTests;
			sourceTree = "<group>";
		};
		92EB1BA124808F6900B810D3 /* Frameworks */ = {
			isa = PBXGroup;
			children = (
				92EB1BA224808F6900B810D3 /* libsqlite3.tbd */,
			);
			name = Frameworks;
			sourceTree = "<group>";
		};
/* End PBXGroup section */

/* Begin PBXNativeTarget section */
		92DEA2C22480880600AA203B /* SQLite */ = {
			isa = PBXNativeTarget;
			buildConfigurationList = 92DEA2E22480880700AA203B /* Build configuration list for PBXNativeTarget "SQLite" */;
			buildPhases = (
				92DEA2BF2480880600AA203B /* Sources */,
				92DEA2C02480880600AA203B /* Frameworks */,
				92DEA2C12480880600AA203B /* Resources */,
			);
			buildRules = (
			);
			dependencies = (
			);
			name = SQLite;
			productName = SQLite;
			productReference = 92DEA2C32480880600AA203B /* SQLite.app */;
			productType = "com.apple.product-type.application";
		};
		92DEA2D82480880700AA203B /* SQLiteTests */ = {
			isa = PBXNativeTarget;
			buildConfigurationList = 92DEA2E52480880700AA203B /* Build configuration list for PBXNativeTarget "SQLiteTests" */;
			buildPhases = (
				92DEA2D52480880700AA203B /* Sources */,
				92DEA2D62480880700AA203B /* Frameworks */,
				92DEA2D72480880700AA203B /* Resources */,
			);
			buildRules = (
			);
			dependencies = (
				92DEA2DB2480880700AA203B /* PBXTargetDependency */,
			);
			name = SQLiteTests;
			productName = SQLiteTests;
			productReference = 92DEA2D92480880700AA203B /* SQLiteTests.xctest */;
			productType = "com.apple.product-type.bundle.unit-test";
		};
/* End PBXNativeTarget section */

/* Begin PBXProject section */
		92DEA2BB2480880600AA203B /* Project object */ = {
			isa = PBXProject;
			attributes = {
				LastSwiftUpdateCheck = 1150;
				LastUpgradeCheck = 1150;
				ORGANIZATIONNAME = "Hannes Sverrisson";
				TargetAttributes = {
					92DEA2C22480880600AA203B = {
						CreatedOnToolsVersion = 11.5;
					};
					92DEA2D82480880700AA203B = {
						CreatedOnToolsVersion = 11.5;
						TestTargetID = 92DEA2C22480880600AA203B;
					};
				};
			};
			buildConfigurationList = 92DEA2BE2480880600AA203B /* Build configuration list for PBXProject "SQLite" */;
			compatibilityVersion = "Xcode 9.3";
			developmentRegion = en;
			hasScannedForEncodings = 0;
			knownRegions = (
				en,
				Base,
			);
			mainGroup = 92DEA2BA2480880600AA203B;
			productRefGroup = 92DEA2C42480880600AA203B /* Products */;
			projectDirPath = "";
			projectRoot = "";
			targets = (
				92DEA2C22480880600AA203B /* SQLite */,
				92DEA2D82480880700AA203B /* SQLiteTests */,
			);
		};
/* End PBXProject section */

/* Begin PBXResourcesBuildPhase section */
		92DEA2C12480880600AA203B /* Resources */ = {
			isa = PBXResourcesBuildPhase;
			buildActionMask = 2147483647;
			files = (
				92DEA2D32480880600AA203B /* LaunchScreen.storyboard in Resources */,
				92DEA2D02480880600AA203B /* Preview Assets.xcassets in Resources */,
				92DEA2CD2480880600AA203B /* Assets.xcassets in Resources */,
			);
			runOnlyForDeploymentPostprocessing = 0;
		};
		92DEA2D72480880700AA203B /* Resources */ = {
			isa = PBXResourcesBuildPhase;
			buildActionMask = 2147483647;
			files = (
			);
			runOnlyForDeploymentPostprocessing = 0;
		};
/* End PBXResourcesBuildPhase section */

/* Begin PBXSourcesBuildPhase section */
		92DEA2BF2480880600AA203B /* Sources */ = {
			isa = PBXSourcesBuildPhase;
			buildActionMask = 2147483647;
			files = (
				92DEA2C72480880600AA203B /* AppDelegate.swift in Sources */,
				92EB1BA024808B2D00B810D3 /* SQLite.swift in Sources */,
				92DEA2C92480880600AA203B /* SceneDelegate.swift in Sources */,
				92DEA2CB2480880600AA203B /* ContentView.swift in Sources */,
			);
			runOnlyForDeploymentPostprocessing = 0;
		};
		92DEA2D52480880700AA203B /* Sources */ = {
			isa = PBXSourcesBuildPhase;
			buildActionMask = 2147483647;
			files = (
				92DEA2DE2480880700AA203B /* SQLiteTests.swift in Sources */,
			);
			runOnlyForDeploymentPostprocessing = 0;
		};
/* End PBXSourcesBuildPhase section */

/* Begin PBXTargetDependency section */
		92DEA2DB2480880700AA203B /* PBXTargetDependency */ = {
			isa = PBXTargetDependency;
			target = 92DEA2C22480880600AA203B /* SQLite */;
			targetProxy = 92DEA2DA2480880700AA203B /* PBXContainerItemProxy */;
		};
/* End PBXTargetDependency section */

/* Begin PBXVariantGroup section */
		92DEA2D12480880600AA203B /* LaunchScreen.storyboard */ = {
			isa = PBXVariantGroup;
			children = (
				92DEA2D22480880600AA203B /* Base */,
			);
			name = LaunchScreen.storyboard;
			sourceTree = "<group>";
		};
/* End PBXVariantGroup section */

/* Begin XCBuildConfiguration section */
		92DEA2E02480880700AA203B /* Debug */ = {
			isa = XCBuildConfiguration;
			buildSettings = {
				ALWAYS_SEARCH_USER_PATHS = NO;
				CLANG_ANALYZER_NONNULL = YES;
				CLANG_ANALYZER_NUMBER_OBJECT_CONVERSION = YES_AGGRESSIVE;
				CLANG_CXX_LANGUAGE_STANDARD = "gnu++14";
				CLANG_CXX_LIBRARY = "libc++";
				CLANG_ENABLE_MODULES = YES;
				CLANG_ENABLE_OBJC_ARC = YES;
				CLANG_ENABLE_OBJC_WEAK = YES;
				CLANG_WARN_BLOCK_CAPTURE_AUTORELEASING = YES;
				CLANG_WARN_BOOL_CONVERSION = YES;
				CLANG_WARN_COMMA = YES;
				CLANG_WARN_CONSTANT_CONVERSION = YES;
				CLANG_WARN_DEPRECATED_OBJC_IMPLEMENTATIONS = YES;
				CLANG_WARN_DIRECT_OBJC_ISA_USAGE = YES_ERROR;
				CLANG_WARN_DOCUMENTATION_COMMENTS = YES;
				CLANG_WARN_EMPTY_BODY = YES;
				CLANG_WARN_ENUM_CONVERSION = YES;
				CLANG_WARN_INFINITE_RECURSION = YES;
				CLANG_WARN_INT_CONVERSION = YES;
				CLANG_WARN_NON_LITERAL_NULL_CONVERSION = YES;
				CLANG_WARN_OBJC_IMPLICIT_RETAIN_SELF = YES;
				CLANG_WARN_OBJC_LITERAL_CONVERSION = YES;
				CLANG_WARN_OBJC_ROOT_CLASS = YES_ERROR;
				CLANG_WARN_RANGE_LOOP_ANALYSIS = YES;
				CLANG_WARN_STRICT_PROTOTYPES = YES;
				CLANG_WARN_SUSPICIOUS_MOVE = YES;
				CLANG_WARN_UNGUARDED_AVAILABILITY = YES_AGGRESSIVE;
				CLANG_WARN_UNREACHABLE_CODE = YES;
				CLANG_WARN__DUPLICATE_METHOD_MATCH = YES;
				COPY_PHASE_STRIP = NO;
				DEBUG_INFORMATION_FORMAT = dwarf;
				ENABLE_STRICT_OBJC_MSGSEND = YES;
				ENABLE_TESTABILITY = YES;
				GCC_C_LANGUAGE_STANDARD = gnu11;
				GCC_DYNAMIC_NO_PIC = NO;
				GCC_NO_COMMON_BLOCKS = YES;
				GCC_OPTIMIZATION_LEVEL = 0;
				GCC_PREPROCESSOR_DEFINITIONS = (
					"DEBUG=1",
					"$(inherited)",
				);
				GCC_WARN_64_TO_32_BIT_CONVERSION = YES;
				GCC_WARN_ABOUT_RETURN_TYPE = YES_ERROR;
				GCC_WARN_UNDECLARED_SELECTOR = YES;
				GCC_WARN_UNINITIALIZED_AUTOS = YES_AGGRESSIVE;
				GCC_WARN_UNUSED_FUNCTION = YES;
				GCC_WARN_UNUSED_VARIABLE = YES;
				IPHONEOS_DEPLOYMENT_TARGET = 13.5;
				MTL_ENABLE_DEBUG_INFO = INCLUDE_SOURCE;
				MTL_FAST_MATH = YES;
				ONLY_ACTIVE_ARCH = YES;
				SDKROOT = iphoneos;
				SWIFT_ACTIVE_COMPILATION_CONDITIONS = DEBUG;
				SWIFT_OPTIMIZATION_LEVEL = "-Onone";
			};
			name = Debug;
		};
		92DEA2E12480880700AA203B /* Release */ = {
			isa = XCBuildConfiguration;
			buildSettings = {
				ALWAYS_SEARCH_USER_PATHS = NO;
				CLANG_ANALYZER_NONNULL = YES;
				CLANG_ANALYZER_NUMBER_OBJECT_CONVERSION = YES_AGGRESSIVE;
				CLANG_CXX_LANGUAGE_STANDARD = "gnu++14";
				CLANG_CXX_LIBRARY = "libc++";
				CLANG_ENABLE_MODULES = YES;
				CLANG_ENABLE_OBJC_ARC = YES;
				CLANG_ENABLE_OBJC_WEAK = YES;
				CLANG_WARN_BLOCK_CAPTURE_AUTORELEASING = YES;
				CLANG_WARN_BOOL_CONVERSION = YES;
				CLANG_WARN_COMMA = YES;
				CLANG_WARN_CONSTANT_CONVERSION = YES;
				CLANG_WARN_DEPRECATED_OBJC_IMPLEMENTATIONS = YES;
				CLANG_WARN_DIRECT_OBJC_ISA_USAGE = YES_ERROR;
				CLANG_WARN_DOCUMENTATION_COMMENTS = YES;
				CLANG_WARN_EMPTY_BODY = YES;
				CLANG_WARN_ENUM_CONVERSION = YES;
				CLANG_WARN_INFINITE_RECURSION = YES;
				CLANG_WARN_INT_CONVERSION = YES;
				CLANG_WARN_NON_LITERAL_NULL_CONVERSION = YES;
				CLANG_WARN_OBJC_IMPLICIT_RETAIN_SELF = YES;
				CLANG_WARN_OBJC_LITERAL_CONVERSION = YES;
				CLANG_WARN_OBJC_ROOT_CLASS = YES_ERROR;
				CLANG_WARN_RANGE_LOOP_ANALYSIS = YES;
				CLANG_WARN_STRICT_PROTOTYPES = YES;
				CLANG_WARN_SUSPICIOUS_MOVE = YES;
				CLANG_WARN_UNGUARDED_AVAILABILITY = YES_AGGRESSIVE;
				CLANG_WARN_UNREACHABLE_CODE = YES;
				CLANG_WARN__DUPLICATE_METHOD_MATCH = YES;
				COPY_PHASE_STRIP = NO;
				DEBUG_INFORMATION_FORMAT = "dwarf-with-dsym";
				ENABLE_NS_ASSERTIONS = NO;
				ENABLE_STRICT_OBJC_MSGSEND = YES;
				GCC_C_LANGUAGE_STANDARD = gnu11;
				GCC_NO_COMMON_BLOCKS = YES;
				GCC_WARN_64_TO_32_BIT_CONVERSION = YES;
				GCC_WARN_ABOUT_RETURN_TYPE = YES_ERROR;
				GCC_WARN_UNDECLARED_SELECTOR = YES;
				GCC_WARN_UNINITIALIZED_AUTOS = YES_AGGRESSIVE;
				GCC_WARN_UNUSED_FUNCTION = YES;
				GCC_WARN_UNUSED_VARIABLE = YES;
				IPHONEOS_DEPLOYMENT_TARGET = 13.5;
				MTL_ENABLE_DEBUG_INFO = NO;
				MTL_FAST_MATH = YES;
				SDKROOT = iphoneos;
				SWIFT_COMPILATION_MODE = wholemodule;
				SWIFT_OPTIMIZATION_LEVEL = "-O";
				VALIDATE_PRODUCT = YES;
			};
			name = Release;
		};
		92DEA2E32480880700AA203B /* Debug */ = {
			isa = XCBuildConfiguration;
			buildSettings = {
				ASSETCATALOG_COMPILER_APPICON_NAME = AppIcon;
				CODE_SIGN_STYLE = Automatic;
				DEVELOPMENT_ASSET_PATHS = "\"SQLite/Preview Content\"";
				DEVELOPMENT_TEAM = 4A24X873BZ;
				ENABLE_PREVIEWS = YES;
				INFOPLIST_FILE = SQLite/Info.plist;
				LD_RUNPATH_SEARCH_PATHS = (
					"$(inherited)",
					"@executable_path/Frameworks",
				);
				PRODUCT_BUNDLE_IDENTIFIER = Cuehf.SQLite;
				PRODUCT_NAME = "$(TARGET_NAME)";
				SWIFT_VERSION = 5.0;
				TARGETED_DEVICE_FAMILY = "1,2";
			};
			name = Debug;
		};
		92DEA2E42480880700AA203B /* Release */ = {
			isa = XCBuildConfiguration;
			buildSettings = {
				ASSETCATALOG_COMPILER_APPICON_NAME = AppIcon;
				CODE_SIGN_STYLE = Automatic;
				DEVELOPMENT_ASSET_PATHS = "\"SQLite/Preview Content\"";
				DEVELOPMENT_TEAM = 4A24X873BZ;
				ENABLE_PREVIEWS = YES;
				INFOPLIST_FILE = SQLite/Info.plist;
				LD_RUNPATH_SEARCH_PATHS = (
					"$(inherited)",
					"@executable_path/Frameworks",
				);
				PRODUCT_BUNDLE_IDENTIFIER = Cuehf.SQLite;
				PRODUCT_NAME = "$(TARGET_NAME)";
				SWIFT_VERSION = 5.0;
				TARGETED_DEVICE_FAMILY = "1,2";
			};
			name = Release;
		};
		92DEA2E62480880700AA203B /* Debug */ = {
			isa = XCBuildConfiguration;
			buildSettings = {
				ALWAYS_EMBED_SWIFT_STANDARD_LIBRARIES = YES;
				BUNDLE_LOADER = "$(TEST_HOST)";
				CODE_SIGN_STYLE = Automatic;
				DEVELOPMENT_TEAM = 4A24X873BZ;
				INFOPLIST_FILE = SQLiteTests/Info.plist;
				IPHONEOS_DEPLOYMENT_TARGET = 13.5;
				LD_RUNPATH_SEARCH_PATHS = (
					"$(inherited)",
					"@executable_path/Frameworks",
					"@loader_path/Frameworks",
				);
				PRODUCT_BUNDLE_IDENTIFIER = Cuehf.SQLiteTests;
				PRODUCT_NAME = "$(TARGET_NAME)";
				SWIFT_VERSION = 5.0;
				TARGETED_DEVICE_FAMILY = "1,2";
				TEST_HOST = "$(BUILT_PRODUCTS_DIR)/SQLite.app/SQLite";
			};
			name = Debug;
		};
		92DEA2E72480880700AA203B /* Release */ = {
			isa = XCBuildConfiguration;
			buildSettings = {
				ALWAYS_EMBED_SWIFT_STANDARD_LIBRARIES = YES;
				BUNDLE_LOADER = "$(TEST_HOST)";
				CODE_SIGN_STYLE = Automatic;
				DEVELOPMENT_TEAM = 4A24X873BZ;
				INFOPLIST_FILE = SQLiteTests/Info.plist;
				IPHONEOS_DEPLOYMENT_TARGET = 13.5;
				LD_RUNPATH_SEARCH_PATHS = (
					"$(inherited)",
					"@executable_path/Frameworks",
					"@loader_path/Frameworks",
				);
				PRODUCT_BUNDLE_IDENTIFIER = Cuehf.SQLiteTests;
				PRODUCT_NAME = "$(TARGET_NAME)";
				SWIFT_VERSION = 5.0;
				TARGETED_DEVICE_FAMILY = "1,2";
				TEST_HOST = "$(BUILT_PRODUCTS_DIR)/SQLite.app/SQLite";
			};
			name = Release;
		};
/* End XCBuildConfiguration section */

/* Begin XCConfigurationList section */
		92DEA2BE2480880600AA203B /* Build configuration list for PBXProject "SQLite" */ = {
			isa = XCConfigurationList;
			buildConfigurations = (
				92DEA2E02480880700AA203B /* Debug */,
				92DEA2E12480880700AA203B /* Release */,
			);
			defaultConfigurationIsVisible = 0;
			defaultConfigurationName = Release;
		};
		92DEA2E22480880700AA203B /* Build configuration list for PBXNativeTarget "SQLite" */ = {
			isa = XCConfigurationList;
			buildConfigurations = (
				92DEA2E32480880700AA203B /* Debug */,
				92DEA2E42480880700AA203B /* Release */,
			);
			defaultConfigurationIsVisible = 0;
			defaultConfigurationName = Release;
		};
		92DEA2E52480880700AA203B /* Build configuration list for PBXNativeTarget "SQLiteTests" */ = {
			isa = XCConfigurationList;
			buildConfigurations = (
				92DEA2E62480880700AA203B /* Debug */,
				92DEA2E72480880700AA203B /* Release */,
			);
			defaultConfigurationIsVisible = 0;
			defaultConfigurationName = Release;
		};
/* End XCConfigurationList section */
	};
	rootObject = 92DEA2BB2480880600AA203B /* Project object */;
}
